
Microsoft Visual Studio Solution File, Format Version 12.00
# Visual Studio Version 17
VisualStudioVersion = 17.12.35728.132
MinimumVisualStudioVersion = 10.0.40219.1
Project("{FAE04EC0-301F-11D3-BF4B-00C04F79EFBC}") = "Test1", "Test1\Test1.csproj", "{AEB1236F-580A-460E-B9C2-71EBB7668CAF}"
EndProject
Project("{FAE04EC0-301F-11D3-BF4B-00C04F79EFBC}") = "Test2", "Test2\Test2.csproj", "{FB30AD89-B9CD-4169-BB60-FFEF1A805901}"
EndProject
Global
	GlobalSection(SolutionConfigurationPlatforms) = preSolution
		Debug|Any CPU = Debug|Any CPU
		Release|Any CPU = Release|Any CPU
	EndGlobalSection
	GlobalSection(ProjectConfigurationPlatforms) = postSolution
		{AEB1236F-580A-460E-B9C2-71EBB7668CAF}.Debug|Any CPU.ActiveCfg = Debug|Any CPU
		{AEB1236F-580A-460E-B9C2-71EBB7668CAF}.Debug|Any CPU.Build.0 = Debug|Any CPU
		{AEB1236F-580A-460E-B9C2-71EBB7668CAF}.Release|Any CPU.ActiveCfg = Release|Any CPU
		{AEB1236F-580A-460E-B9C2-71EBB7668CAF}.Release|Any CPU.Build.0 = Release|Any CPU
		{FB30AD89-B9CD-4169-BB60-FFEF1A805901}.Debug|Any CPU.ActiveCfg = Debug|Any CPU
		{FB30AD89-B9CD-4169-BB60-FFEF1A805901}.Debug|Any CPU.Build.0 = Debug|Any CPU
		{FB30AD89-B9CD-4169-BB60-FFEF1A805901}.Release|Any CPU.ActiveCfg = Release|Any CPU
		{FB30AD89-B9CD-4169-BB60-FFEF1A805901}.Release|Any CPU.Build.0 = Release|Any CPU
	EndGlobalSection
	GlobalSection(SolutionProperties) = preSolution
		HideSolutionNode = FALSE
	EndGlobalSection
EndGlobal
